NeoBundleLock neobundle.vim e4e6766e7bbcac9b7048ee247f02af9020b9df29
NeoBundleLock nerdtree 3b98a7fcae8f9fff356907171f0406ff8cd28921
NeoBundleLock nyan-modoki.vim 383c58321508bb486a063a24153da9359281a544
NeoBundleLock rainbow_parentheses.vim eb8baa5428bde10ecc1cb14eed1d6e16f5f24695
NeoBundleLock vim-autoclose a9a3b7384657bc1f60a963fd6c08c63fc48d61c3
NeoBundleLock vim-classpath 1ef18a10512fe0f84bb2c412b38e613c331a7b55
NeoBundleLock vim-colors-solarized 528a59f26d12278698bb946f8fb82a63711eec21
NeoBundleLock vim-fireplace b999b09cd9d69f359fa5668e81b09dcfde455cca
NeoBundleLock vim-quickrun ae97cef42ae142306e9431dce9ab97c4353e5254
NeoBundleLock vim-scala 80a16cf8dc9eea18980fbe34a6d6dd3e1b6df290
